
Microsoft Visual Studio Solution File, Format Version 12.00
# Visual Studio Version 17
VisualStudioVersion = 17.4.33122.133
MinimumVisualStudioVersion = 10.0.40219.1
Project("{FAE04EC0-301F-11D3-BF4B-00C04F79EFBC}") = "SiaFunctionApp", "SiaFunctionApp.csproj", "{A5541235-F6D2-4C4A-B849-438BF9D31160}"
EndProject
Global
	GlobalSection(SolutionConfigurationPlatforms) = preSolution
		Debug|Any CPU = Debug|Any CPU
		Release|Any CPU = Release|Any CPU
	EndGlobalSection
	GlobalSection(ProjectConfigurationPlatforms) = postSolution
		{A5541235-F6D2-4C4A-B849-438BF9D31160}.Debug|Any CPU.ActiveCfg = Debug|Any CPU
		{A5541235-F6D2-4C4A-B849-438BF9D31160}.Debug|Any CPU.Build.0 = Debug|Any CPU
		{A5541235-F6D2-4C4A-B849-438BF9D31160}.Release|Any CPU.ActiveCfg = Release|Any CPU
		{A5541235-F6D2-4C4A-B849-438BF9D31160}.Release|Any CPU.Build.0 = Release|Any CPU
	EndGlobalSection
	GlobalSection(SolutionProperties) = preSolution
		HideSolutionNode = FALSE
	EndGlobalSection
	GlobalSection(ExtensibilityGlobals) = postSolution
		SolutionGuid = {7E262FB4-54FB-497E-813F-EFCA88EA0D37}
	EndGlobalSection
EndGlobal
